
Microsoft Visual Studio Solution File, Format Version 12.00
# Visual Studio Version 16
VisualStudioVersion = 16.0.30011.22
MinimumVisualStudioVersion = 10.0.40219.1
Project("{FAE04EC0-301F-11D3-BF4B-00C04F79EFBC}") = "Entidades", "Entidades\Entidades.csproj", "{2EC8B471-3524-419B-A2BC-BB922E12BA10}"
EndProject
Project("{FAE04EC0-301F-11D3-BF4B-00C04F79EFBC}") = "Test", "Test\Test.csproj", "{8B6AE6DB-D59C-4AE2-93FD-B6E4AF2DD485}"
EndProject
Global
	GlobalSection(SolutionConfigurationPlatforms) = preSolution
		Debug|Any CPU = Debug|Any CPU
		Release|Any CPU = Release|Any CPU
	EndGlobalSection
	GlobalSection(ProjectConfigurationPlatforms) = postSolution
		{2EC8B471-3524-419B-A2BC-BB922E12BA10}.Debug|Any CPU.ActiveCfg = Debug|Any CPU
		{2EC8B471-3524-419B-A2BC-BB922E12BA10}.Debug|Any CPU.Build.0 = Debug|Any CPU
		{2EC8B471-3524-419B-A2BC-BB922E12BA10}.Release|Any CPU.ActiveCfg = Release|Any CPU
		{2EC8B471-3524-419B-A2BC-BB922E12BA10}.Release|Any CPU.Build.0 = Release|Any CPU
		{8B6AE6DB-D59C-4AE2-93FD-B6E4AF2DD485}.Debug|Any CPU.ActiveCfg = Debug|Any CPU
		{8B6AE6DB-D59C-4AE2-93FD-B6E4AF2DD485}.Debug|Any CPU.Build.0 = Debug|Any CPU
		{8B6AE6DB-D59C-4AE2-93FD-B6E4AF2DD485}.Release|Any CPU.ActiveCfg = Release|Any CPU
		{8B6AE6DB-D59C-4AE2-93FD-B6E4AF2DD485}.Release|Any CPU.Build.0 = Release|Any CPU
	EndGlobalSection
	GlobalSection(SolutionProperties) = preSolution
		HideSolutionNode = FALSE
	EndGlobalSection
	GlobalSection(ExtensibilityGlobals) = postSolution
		SolutionGuid = {DE6736C0-E1F1-45A9-9B15-A8138D28B7B2}
	EndGlobalSection
EndGlobal
